
Microsoft Visual Studio Solution File, Format Version 12.00
# Visual Studio Version 16
VisualStudioVersion = 16.0.31729.503
MinimumVisualStudioVersion = 10.0.40219.1
Project("{9A19103F-16F7-4668-BE54-9A1E7A4F7556}") = "ParenthesesValidator", "ParenthesesValidator.csproj", "{2796F749-1185-409F-9EFC-B1686BE61FE1}"
EndProject
Project("{FAE04EC0-301F-11D3-BF4B-00C04F79EFBC}") = "ParenthesesValidator.Tests", "..\ParenthesesValidator.Tests\ParenthesesValidator.Tests.csproj", "{95DFDEA6-CF86-4CFD-8B7B-92975AD832B0}"
EndProject
Global
	GlobalSection(SolutionConfigurationPlatforms) = preSolution
		Debug|Any CPU = Debug|Any CPU
		Release|Any CPU = Release|Any CPU
	EndGlobalSection
	GlobalSection(ProjectConfigurationPlatforms) = postSolution
		{2796F749-1185-409F-9EFC-B1686BE61FE1}.Debug|Any CPU.ActiveCfg = Debug|Any CPU
		{2796F749-1185-409F-9EFC-B1686BE61FE1}.Debug|Any CPU.Build.0 = Debug|Any CPU
		{2796F749-1185-409F-9EFC-B1686BE61FE1}.Release|Any CPU.ActiveCfg = Release|Any CPU
		{2796F749-1185-409F-9EFC-B1686BE61FE1}.Release|Any CPU.Build.0 = Release|Any CPU
		{95DFDEA6-CF86-4CFD-8B7B-92975AD832B0}.Debug|Any CPU.ActiveCfg = Debug|Any CPU
		{95DFDEA6-CF86-4CFD-8B7B-92975AD832B0}.Debug|Any CPU.Build.0 = Debug|Any CPU
		{95DFDEA6-CF86-4CFD-8B7B-92975AD832B0}.Release|Any CPU.ActiveCfg = Release|Any CPU
		{95DFDEA6-CF86-4CFD-8B7B-92975AD832B0}.Release|Any CPU.Build.0 = Release|Any CPU
	EndGlobalSection
	GlobalSection(SolutionProperties) = preSolution
		HideSolutionNode = FALSE
	EndGlobalSection
	GlobalSection(ExtensibilityGlobals) = postSolution
		SolutionGuid = {4513736D-513D-4A7E-A42D-2F682CA36A02}
	EndGlobalSection
EndGlobal
